// !$*UTF8*$!
{
	archiveVersion = 1;
	classes = {
	};
	objectVersion = 56;
	objects = {

/* Begin PBXBuildFile section */
		771331352A93DEE500896066 /* AppDelegate.swift in Sources */ = {isa = PBXBuildFile; fileRef = 771331342A93DEE500896066 /* AppDelegate.swift */; };
		771331372A93DEE500896066 /* SceneDelegate.swift in Sources */ = {isa = PBXBuildFile; fileRef = 771331362A93DEE500896066 /* SceneDelegate.swift */; };
		771331392A93DEE500896066 /* ViewController.swift in Sources */ = {isa = PBXBuildFile; fileRef = 771331382A93DEE500896066 /* ViewController.swift */; };
		7713313C2A93DEE500896066 /* Main.storyboard in Resources */ = {isa = PBXBuildFile; fileRef = 7713313A2A93DEE500896066 /* Main.storyboard */; };
		7713313E2A93DEE600896066 /* Assets.xcassets in Resources */ = {isa = PBXBuildFile; fileRef = 7713313D2A93DEE600896066 /* Assets.xcassets */; };
		771331412A93DEE600896066 /* LaunchScreen.storyboard in Resources */ = {isa = PBXBuildFile; fileRef = 7713313F2A93DEE600896066 /* LaunchScreen.storyboard */; };
		7713314C2A93DEE600896066 /* Sample_App_p2Tests.swift in Sources */ = {isa = PBXBuildFile; fileRef = 7713314B2A93DEE600896066 /* Sample_App_p2Tests.swift */; };
		771331562A93DEE600896066 /* Sample_App_p2UITests.swift in Sources */ = {isa = PBXBuildFile; fileRef = 771331552A93DEE600896066 /* Sample_App_p2UITests.swift */; };
		771331582A93DEE600896066 /* Sample_App_p2UITestsLaunchTests.swift in Sources */ = {isa = PBXBuildFile; fileRef = 771331572A93DEE600896066 /* Sample_App_p2UITestsLaunchTests.swift */; };
/* End PBXBuildFile section */

/* Begin PBXContainerItemProxy section */
		771331482A93DEE600896066 /* PBXContainerItemProxy */ = {
			isa = PBXContainerItemProxy;
			containerPortal = 771331292A93DEE500896066 /* Project object */;
			proxyType = 1;
			remoteGlobalIDString = 771331302A93DEE500896066;
			remoteInfo = "Sample App p2";
		};
		771331522A93DEE600896066 /* PBXContainerItemProxy */ = {
			isa = PBXContainerItemProxy;
			containerPortal = 771331292A93DEE500896066 /* Project object */;
			proxyType = 1;
			remoteGlobalIDString = 771331302A93DEE500896066;
			remoteInfo = "Sample App p2";
		};
/* End PBXContainerItemProxy section */

/* Begin PBXFileReference section */
		771331312A93DEE500896066 /* Sample App p2.app */ = {isa = PBXFileReference; explicitFileType = wrapper.application; includeInIndex = 0; path = "Sample App p2.app"; sourceTree = BUILT_PRODUCTS_DIR; };
		771331342A93DEE500896066 /* AppDelegate.swift */ = {isa = PBXFileReference; lastKnownFileType = sourcecode.swift; path = AppDelegate.swift; sourceTree = "<group>"; };
		771331362A93DEE500896066 /* SceneDelegate.swift */ = {isa = PBXFileReference; lastKnownFileType = sourcecode.swift; path = SceneDelegate.swift; sourceTree = "<group>"; };
		771331382A93DEE500896066 /* ViewController.swift */ = {isa = PBXFileReference; lastKnownFileType = sourcecode.swift; path = ViewController.swift; sourceTree = "<group>"; };
		7713313B2A93DEE500896066 /* Base */ = {isa = PBXFileReference; lastKnownFileType = file.storyboard; name = Base; path = Base.lproj/Main.storyboard; sourceTree = "<group>"; };
		7713313D2A93DEE600896066 /* Assets.xcassets */ = {isa = PBXFileReference; lastKnownFileType = folder.assetcatalog; path = Assets.xcassets; sourceTree = "<group>"; };
		771331402A93DEE600896066 /* Base */ = {isa = PBXFileReference; lastKnownFileType = file.storyboard; name = Base; path = Base.lproj/LaunchScreen.storyboard; sourceTree = "<group>"; };
		771331422A93DEE600896066 /* Info.plist */ = {isa = PBXFileReference; lastKnownFileType = text.plist.xml; path = Info.plist; sourceTree = "<group>"; };
		771331472A93DEE600896066 /* Sample App p2Tests.xctest */ = {isa = PBXFileReference; explicitFileType = wrapper.cfbundle; includeInIndex = 0; path = "Sample App p2Tests.xctest"; sourceTree = BUILT_PRODUCTS_DIR; };
		7713314B2A93DEE600896066 /* Sample_App_p2Tests.swift */ = {isa = PBXFileReference; lastKnownFileType = sourcecode.swift; path = Sample_App_p2Tests.swift; sourceTree = "<group>"; };
		771331512A93DEE600896066 /* Sample App p2UITests.xctest */ = {isa = PBXFileReference; explicitFileType = wrapper.cfbundle; includeInIndex = 0; path = "Sample App p2UITests.xctest"; sourceTree = BUILT_PRODUCTS_DIR; };
		771331552A93DEE600896066 /* Sample_App_p2UITests.swift */ = {isa = PBXFileReference; lastKnownFileType = sourcecode.swift; path = Sample_App_p2UITests.swift; sourceTree = "<group>"; };
		771331572A93DEE600896066 /* Sample_App_p2UITestsLaunchTests.swift */ = {isa = PBXFileReference; lastKnownFileType = sourcecode.swift; path = Sample_App_p2UITestsLaunchTests.swift; sourceTree = "<group>"; };
/* End PBXFileReference section */

/* Begin PBXFrameworksBuildPhase section */
		7713312E2A93DEE500896066 /* Frameworks */ = {
			isa = PBXFrameworksBuildPhase;
			buildActionMask = 2147483647;
			files = (
			);
			runOnlyForDeploymentPostprocessing = 0;
		};
		771331442A93DEE600896066 /* Frameworks */ = {
			isa = PBXFrameworksBuildPhase;
			buildActionMask = 2147483647;
			files = (
			);
			runOnlyForDeploymentPostprocessing = 0;
		};
		7713314E2A93DEE600896066 /* Frameworks */ = {
			isa = PBXFrameworksBuildPhase;
			buildActionMask = 2147483647;
			files = (
			);
			runOnlyForDeploymentPostprocessing = 0;
		};
/* End PBXFrameworksBuildPhase section */

/* Begin PBXGroup section */
		771331282A93DEE500896066 = {
			isa = PBXGroup;
			children = (
				771331332A93DEE500896066 /* Sample App p2 */,
				7713314A2A93DEE600896066 /* Sample App p2Tests */,
				771331542A93DEE600896066 /* Sample App p2UITests */,
				771331322A93DEE500896066 /* Products */,
			);
			sourceTree = "<group>";
		};
		771331322A93DEE500896066 /* Products */ = {
			isa = PBXGroup;
			children = (
				771331312A93DEE500896066 /* Sample App p2.app */,
				771331472A93DEE600896066 /* Sample App p2Tests.xctest */,
				771331512A93DEE600896066 /* Sample App p2UITests.xctest */,
			);
			name = Products;
			sourceTree = "<group>";
		};
		771331332A93DEE500896066 /* Sample App p2 */ = {
			isa = PBXGroup;
			children = (
				771331342A93DEE500896066 /* AppDelegate.swift */,
				771331362A93DEE500896066 /* SceneDelegate.swift */,
				771331382A93DEE500896066 /* ViewController.swift */,
				7713313A2A93DEE500896066 /* Main.storyboard */,
				7713313D2A93DEE600896066 /* Assets.xcassets */,
				7713313F2A93DEE600896066 /* LaunchScreen.storyboard */,
				771331422A93DEE600896066 /* Info.plist */,
			);
			path = "Sample App p2";
			sourceTree = "<group>";
		};
		7713314A2A93DEE600896066 /* Sample App p2Tests */ = {
			isa = PBXGroup;
			children = (
				7713314B2A93DEE600896066 /* Sample_App_p2Tests.swift */,
			);
			path = "Sample App p2Tests";
			sourceTree = "<group>";
		};
		771331542A93DEE600896066 /* Sample App p2UITests */ = {
			isa = PBXGroup;
			children = (
				771331552A93DEE600896066 /* Sample_App_p2UITests.swift */,
				771331572A93DEE600896066 /* Sample_App_p2UITestsLaunchTests.swift */,
			);
			path = "Sample App p2UITests";
			sourceTree = "<group>";
		};
/* End PBXGroup section */

/* Begin PBXNativeTarget section */
		771331302A93DEE500896066 /* Sample App p2 */ = {
			isa = PBXNativeTarget;
			buildConfigurationList = 7713315B2A93DEE600896066 /* Build configuration list for PBXNativeTarget "Sample App p2" */;
			buildPhases = (
				7713312D2A93DEE500896066 /* Sources */,
				7713312E2A93DEE500896066 /* Frameworks */,
				7713312F2A93DEE500896066 /* Resources */,
			);
			buildRules = (
			);
			dependencies = (
			);
			name = "Sample App p2";
			productName = "Sample App p2";
			productReference = 771331312A93DEE500896066 /* Sample App p2.app */;
			productType = "com.apple.product-type.application";
		};
		771331462A93DEE600896066 /* Sample App p2Tests */ = {
			isa = PBXNativeTarget;
			buildConfigurationList = 7713315E2A93DEE600896066 /* Build configuration list for PBXNativeTarget "Sample App p2Tests" */;
			buildPhases = (
				771331432A93DEE600896066 /* Sources */,
				771331442A93DEE600896066 /* Frameworks */,
				771331452A93DEE600896066 /* Resources */,
			);
			buildRules = (
			);
			dependencies = (
				771331492A93DEE600896066 /* PBXTargetDependency */,
			);
			name = "Sample App p2Tests";
			productName = "Sample App p2Tests";
			productReference = 771331472A93DEE600896066 /* Sample App p2Tests.xctest */;
			productType = "com.apple.product-type.bundle.unit-test";
		};
		771331502A93DEE600896066 /* Sample App p2UITests */ = {
			isa = PBXNativeTarget;
			buildConfigurationList = 771331612A93DEE600896066 /* Build configuration list for PBXNativeTarget "Sample App p2UITests" */;
			buildPhases = (
				7713314D2A93DEE600896066 /* Sources */,
				7713314E2A93DEE600896066 /* Frameworks */,
				7713314F2A93DEE600896066 /* Resources */,
			);
			buildRules = (
			);
			dependencies = (
				771331532A93DEE600896066 /* PBXTargetDependency */,
			);
			name = "Sample App p2UITests";
			productName = "Sample App p2UITests";
			productReference = 771331512A93DEE600896066 /* Sample App p2UITests.xctest */;
			productType = "com.apple.product-type.bundle.ui-testing";
		};
/* End PBXNativeTarget section */

/* Begin PBXProject section */
		771331292A93DEE500896066 /* Project object */ = {
			isa = PBXProject;
			attributes = {
				BuildIndependentTargetsInParallel = 1;
				LastSwiftUpdateCheck = 1430;
				LastUpgradeCheck = 1430;
				TargetAttributes = {
					771331302A93DEE500896066 = {
						CreatedOnToolsVersion = 14.3.1;
					};
					771331462A93DEE600896066 = {
						CreatedOnToolsVersion = 14.3.1;
						TestTargetID = 771331302A93DEE500896066;
					};
					771331502A93DEE600896066 = {
						CreatedOnToolsVersion = 14.3.1;
						TestTargetID = 771331302A93DEE500896066;
					};
				};
			};
			buildConfigurationList = 7713312C2A93DEE500896066 /* Build configuration list for PBXProject "Sample App p2" */;
			compatibilityVersion = "Xcode 14.0";
			developmentRegion = en;
			hasScannedForEncodings = 0;
			knownRegions = (
				en,
				Base,
			);
			mainGroup = 771331282A93DEE500896066;
			productRefGroup = 771331322A93DEE500896066 /* Products */;
			projectDirPath = "";
			projectRoot = "";
			targets = (
				771331302A93DEE500896066 /* Sample App p2 */,
				771331462A93DEE600896066 /* Sample App p2Tests */,
				771331502A93DEE600896066 /* Sample App p2UITests */,
			);
		};
/* End PBXProject section */

/* Begin PBXResourcesBuildPhase section */
		7713312F2A93DEE500896066 /* Resources */ = {
			isa = PBXResourcesBuildPhase;
			buildActionMask = 2147483647;
			files = (
				771331412A93DEE600896066 /* LaunchScreen.storyboard in Resources */,
				7713313E2A93DEE600896066 /* Assets.xcassets in Resources */,
				7713313C2A93DEE500896066 /* Main.storyboard in Resources */,
			);
			runOnlyForDeploymentPostprocessing = 0;
		};
		771331452A93DEE600896066 /* Resources */ = {
			isa = PBXResourcesBuildPhase;
			buildActionMask = 2147483647;
			files = (
			);
			runOnlyForDeploymentPostprocessing = 0;
		};
		7713314F2A93DEE600896066 /* Resources */ = {
			isa = PBXResourcesBuildPhase;
			buildActionMask = 2147483647;
			files = (
			);
			runOnlyForDeploymentPostprocessing = 0;
		};
/* End PBXResourcesBuildPhase section */

/* Begin PBXSourcesBuildPhase section */
		7713312D2A93DEE500896066 /* Sources */ = {
			isa = PBXSourcesBuildPhase;
			buildActionMask = 2147483647;
			files = (
				771331392A93DEE500896066 /* ViewController.swift in Sources */,
				771331352A93DEE500896066 /* AppDelegate.swift in Sources */,
				771331372A93DEE500896066 /* SceneDelegate.swift in Sources */,
			);
			runOnlyForDeploymentPostprocessing = 0;
		};
		771331432A93DEE600896066 /* Sources */ = {
			isa = PBXSourcesBuildPhase;
			buildActionMask = 2147483647;
			files = (
				7713314C2A93DEE600896066 /* Sample_App_p2Tests.swift in Sources */,
			);
			runOnlyForDeploymentPostprocessing = 0;
		};
		7713314D2A93DEE600896066 /* Sources */ = {
			isa = PBXSourcesBuildPhase;
			buildActionMask = 2147483647;
			files = (
				771331582A93DEE600896066 /* Sample_App_p2UITestsLaunchTests.swift in Sources */,
				771331562A93DEE600896066 /* Sample_App_p2UITests.swift in Sources */,
			);
			runOnlyForDeploymentPostprocessing = 0;
		};
/* End PBXSourcesBuildPhase section */

/* Begin PBXTargetDependency section */
		771331492A93DEE600896066 /* PBXTargetDependency */ = {
			isa = PBXTargetDependency;
			target = 771331302A93DEE500896066 /* Sample App p2 */;
			targetProxy = 771331482A93DEE600896066 /* PBXContainerItemProxy */;
		};
		771331532A93DEE600896066 /* PBXTargetDependency */ = {
			isa = PBXTargetDependency;
			target = 771331302A93DEE500896066 /* Sample App p2 */;
			targetProxy = 771331522A93DEE600896066 /* PBXContainerItemProxy */;
		};
/* End PBXTargetDependency section */

/* Begin PBXVariantGroup section */
		7713313A2A93DEE500896066 /* Main.storyboard */ = {
			isa = PBXVariantGroup;
			children = (
				7713313B2A93DEE500896066 /* Base */,
			);
			name = Main.storyboard;
			sourceTree = "<group>";
		};
		7713313F2A93DEE600896066 /* LaunchScreen.storyboard */ = {
			isa = PBXVariantGroup;
			children = (
				771331402A93DEE600896066 /* Base */,
			);
			name = LaunchScreen.storyboard;
			sourceTree = "<group>";
		};
/* End PBXVariantGroup section */

/* Begin XCBuildConfiguration section */
		771331592A93DEE600896066 /* Debug */ = {
			isa = XCBuildConfiguration;
			buildSettings = {
				ALWAYS_SEARCH_USER_PATHS = NO;
				CLANG_ANALYZER_NONNULL = YES;
				CLANG_ANALYZER_NUMBER_OBJECT_CONVERSION = YES_AGGRESSIVE;
				CLANG_CXX_LANGUAGE_STANDARD = "gnu++20";
				CLANG_ENABLE_MODULES = YES;
				CLANG_ENABLE_OBJC_ARC = YES;
				CLANG_ENABLE_OBJC_WEAK = YES;
				CLANG_WARN_BLOCK_CAPTURE_AUTORELEASING = YES;
				CLANG_WARN_BOOL_CONVERSION = YES;
				CLANG_WARN_COMMA = YES;
				CLANG_WARN_CONSTANT_CONVERSION = YES;
				CLANG_WARN_DEPRECATED_OBJC_IMPLEMENTATIONS = YES;
				CLANG_WARN_DIRECT_OBJC_ISA_USAGE = YES_ERROR;
				CLANG_WARN_DOCUMENTATION_COMMENTS = YES;
				CLANG_WARN_EMPTY_BODY = YES;
				CLANG_WARN_ENUM_CONVERSION = YES;
				CLANG_WARN_INFINITE_RECURSION = YES;
				CLANG_WARN_INT_CONVERSION = YES;
				CLANG_WARN_NON_LITERAL_NULL_CONVERSION = YES;
				CLANG_WARN_OBJC_IMPLICIT_RETAIN_SELF = YES;
				CLANG_WARN_OBJC_LITERAL_CONVERSION = YES;
				CLANG_WARN_OBJC_ROOT_CLASS = YES_ERROR;
				CLANG_WARN_QUOTED_INCLUDE_IN_FRAMEWORK_HEADER = YES;
				CLANG_WARN_RANGE_LOOP_ANALYSIS = YES;
				CLANG_WARN_STRICT_PROTOTYPES = YES;
				CLANG_WARN_SUSPICIOUS_MOVE = YES;
				CLANG_WARN_UNGUARDED_AVAILABILITY = YES_AGGRESSIVE;
				CLANG_WARN_UNREACHABLE_CODE = YES;
				CLANG_WARN__DUPLICATE_METHOD_MATCH = YES;
				COPY_PHASE_STRIP = NO;
				DEBUG_INFORMATION_FORMAT = dwarf;
				ENABLE_STRICT_OBJC_MSGSEND = YES;
				ENABLE_TESTABILITY = YES;
				GCC_C_LANGUAGE_STANDARD = gnu11;
				GCC_DYNAMIC_NO_PIC = NO;
				GCC_NO_COMMON_BLOCKS = YES;
				GCC_OPTIMIZATION_LEVEL = 0;
				GCC_PREPROCESSOR_DEFINITIONS = (
					"DEBUG=1",
					"$(inherited)",
				);
				GCC_WARN_64_TO_32_BIT_CONVERSION = YES;
				GCC_WARN_ABOUT_RETURN_TYPE = YES_ERROR;
				GCC_WARN_UNDECLARED_SELECTOR = YES;
				GCC_WARN_UNINITIALIZED_AUTOS = YES_AGGRESSIVE;
				GCC_WARN_UNUSED_FUNCTION = YES;
				GCC_WARN_UNUSED_VARIABLE = YES;
				IPHONEOS_DEPLOYMENT_TARGET = 16.4;
				MTL_ENABLE_DEBUG_INFO = INCLUDE_SOURCE;
				MTL_FAST_MATH = YES;
				ONLY_ACTIVE_ARCH = YES;
				SDKROOT = iphoneos;
				SWIFT_ACTIVE_COMPILATION_CONDITIONS = DEBUG;
				SWIFT_OPTIMIZATION_LEVEL = "-Onone";
			};
			name = Debug;
		};
		7713315A2A93DEE600896066 /* Release */ = {
			isa = XCBuildConfiguration;
			buildSettings = {
				ALWAYS_SEARCH_USER_PATHS = NO;
				CLANG_ANALYZER_NONNULL = YES;
				CLANG_ANALYZER_NUMBER_OBJECT_CONVERSION = YES_AGGRESSIVE;
				CLANG_CXX_LANGUAGE_STANDARD = "gnu++20";
				CLANG_ENABLE_MODULES = YES;
				CLANG_ENABLE_OBJC_ARC = YES;
				CLANG_ENABLE_OBJC_WEAK = YES;
				CLANG_WARN_BLOCK_CAPTURE_AUTORELEASING = YES;
				CLANG_WARN_BOOL_CONVERSION = YES;
				CLANG_WARN_COMMA = YES;
				CLANG_WARN_CONSTANT_CONVERSION = YES;
				CLANG_WARN_DEPRECATED_OBJC_IMPLEMENTATIONS = YES;
				CLANG_WARN_DIRECT_OBJC_ISA_USAGE = YES_ERROR;
				CLANG_WARN_DOCUMENTATION_COMMENTS = YES;
				CLANG_WARN_EMPTY_BODY = YES;
				CLANG_WARN_ENUM_CONVERSION = YES;
				CLANG_WARN_INFINITE_RECURSION = YES;
				CLANG_WARN_INT_CONVERSION = YES;
				CLANG_WARN_NON_LITERAL_NULL_CONVERSION = YES;
				CLANG_WARN_OBJC_IMPLICIT_RETAIN_SELF = YES;
				CLANG_WARN_OBJC_LITERAL_CONVERSION = YES;
				CLANG_WARN_OBJC_ROOT_CLASS = YES_ERROR;
				CLANG_WARN_QUOTED_INCLUDE_IN_FRAMEWORK_HEADER = YES;
				CLANG_WARN_RANGE_LOOP_ANALYSIS = YES;
				CLANG_WARN_STRICT_PROTOTYPES = YES;
				CLANG_WARN_SUSPICIOUS_MOVE = YES;
				CLANG_WARN_UNGUARDED_AVAILABILITY = YES_AGGRESSIVE;
				CLANG_WARN_UNREACHABLE_CODE = YES;
				CLANG_WARN__DUPLICATE_METHOD_MATCH = YES;
				COPY_PHASE_STRIP = NO;
				DEBUG_INFORMATION_FORMAT = "dwarf-with-dsym";
				ENABLE_NS_ASSERTIONS = NO;
				ENABLE_STRICT_OBJC_MSGSEND = YES;
				GCC_C_LANGUAGE_STANDARD = gnu11;
				GCC_NO_COMMON_BLOCKS = YES;
				GCC_WARN_64_TO_32_BIT_CONVERSION = YES;
				GCC_WARN_ABOUT_RETURN_TYPE = YES_ERROR;
				GCC_WARN_UNDECLARED_SELECTOR = YES;
				GCC_WARN_UNINITIALIZED_AUTOS = YES_AGGRESSIVE;
				GCC_WARN_UNUSED_FUNCTION = YES;
				GCC_WARN_UNUSED_VARIABLE = YES;
				IPHONEOS_DEPLOYMENT_TARGET = 16.4;
				MTL_ENABLE_DEBUG_INFO = NO;
				MTL_FAST_MATH = YES;
				SDKROOT = iphoneos;
				SWIFT_COMPILATION_MODE = wholemodule;
				SWIFT_OPTIMIZATION_LEVEL = "-O";
				VALIDATE_PRODUCT = YES;
			};
			name = Release;
		};
		7713315C2A93DEE600896066 /* Debug */ = {
			isa = XCBuildConfiguration;
			buildSettings = {
				ASSETCATALOG_COMPILER_APPICON_NAME = AppIcon;
				ASSETCATALOG_COMPILER_GLOBAL_ACCENT_COLOR_NAME = AccentColor;
				CODE_SIGN_STYLE = Automatic;
				CURRENT_PROJECT_VERSION = 1;
				DEVELOPMENT_TEAM = 2CK557733P;
				GENERATE_INFOPLIST_FILE = YES;
				INFOPLIST_FILE = "Sample App p2/Info.plist";
				INFOPLIST_KEY_UIApplicationSupportsIndirectInputEvents = YES;
				INFOPLIST_KEY_UILaunchStoryboardName = LaunchScreen;
				INFOPLIST_KEY_UIMainStoryboardFile = Main;
				INFOPLIST_KEY_UISupportedInterfaceOrientations_iPad = "UIInterfaceOrientationPortrait UIInterfaceOrientationPortraitUpsideDown UIInterfaceOrientationLandscapeLeft UIInterfaceOrientationLandscapeRight";
				INFOPLIST_KEY_UISupportedInterfaceOrientations_iPhone = "UIInterfaceOrientationPortrait UIInterfaceOrientationLandscapeLeft UIInterfaceOrientationLandscapeRight";
				LD_RUNPATH_SEARCH_PATHS = (
					"$(inherited)",
					"@executable_path/Frameworks",
				);
				MARKETING_VERSION = 1.0;
				PRODUCT_BUNDLE_IDENTIFIER = "Nothing.Sample-App-p2";
				PRODUCT_NAME = "$(TARGET_NAME)";
				SWIFT_EMIT_LOC_STRINGS = YES;
				SWIFT_VERSION = 5.0;
				TARGETED_DEVICE_FAMILY = "1,2";
			};
			name = Debug;
		};
		7713315D2A93DEE600896066 /* Release */ = {
			isa = XCBuildConfiguration;
			buildSettings = {
				ASSETCATALOG_COMPILER_APPICON_NAME = AppIcon;
				ASSETCATALOG_COMPILER_GLOBAL_ACCENT_COLOR_NAME = AccentColor;
				CODE_SIGN_STYLE = Automatic;
				CURRENT_PROJECT_VERSION = 1;
				DEVELOPMENT_TEAM = 2CK557733P;
				GENERATE_INFOPLIST_FILE = YES;
				INFOPLIST_FILE = "Sample App p2/Info.plist";
				INFOPLIST_KEY_UIApplicationSupportsIndirectInputEvents = YES;
				INFOPLIST_KEY_UILaunchStoryboardName = LaunchScreen;
				INFOPLIST_KEY_UIMainStoryboardFile = Main;
				INFOPLIST_KEY_UISupportedInterfaceOrientations_iPad = "UIInterfaceOrientationPortrait UIInterfaceOrientationPortraitUpsideDown UIInterfaceOrientationLandscapeLeft UIInterfaceOrientationLandscapeRight";
				INFOPLIST_KEY_UISupportedInterfaceOrientations_iPhone = "UIInterfaceOrientationPortrait UIInterfaceOrientationLandscapeLeft UIInterfaceOrientationLandscapeRight";
				LD_RUNPATH_SEARCH_PATHS = (
					"$(inherited)",
					"@executable_path/Frameworks",
				);
				MARKETING_VERSION = 1.0;
				PRODUCT_BUNDLE_IDENTIFIER = "Nothing.Sample-App-p2";
				PRODUCT_NAME = "$(TARGET_NAME)";
				SWIFT_EMIT_LOC_STRINGS = YES;
				SWIFT_VERSION = 5.0;
				TARGETED_DEVICE_FAMILY = "1,2";
			};
			name = Release;
		};
		7713315F2A93DEE600896066 /* Debug */ = {
			isa = XCBuildConfiguration;
			buildSettings = {
				ALWAYS_EMBED_SWIFT_STANDARD_LIBRARIES = YES;
				BUNDLE_LOADER = "$(TEST_HOST)";
				CODE_SIGN_STYLE = Automatic;
				CURRENT_PROJECT_VERSION = 1;
				DEVELOPMENT_TEAM = 2CK557733P;
				GENERATE_INFOPLIST_FILE = YES;
				IPHONEOS_DEPLOYMENT_TARGET = 16.4;
				MARKETING_VERSION = 1.0;
				PRODUCT_BUNDLE_IDENTIFIER = "Nothing.Sample-App-p2Tests";
				PRODUCT_NAME = "$(TARGET_NAME)";
				SWIFT_EMIT_LOC_STRINGS = NO;
				SWIFT_VERSION = 5.0;
				TARGETED_DEVICE_FAMILY = "1,2";
				TEST_HOST = "$(BUILT_PRODUCTS_DIR)/Sample App p2.app/$(BUNDLE_EXECUTABLE_FOLDER_PATH)/Sample App p2";
			};
			name = Debug;
		};
		771331602A93DEE600896066 /* Release */ = {
			isa = XCBuildConfiguration;
			buildSettings = {
				ALWAYS_EMBED_SWIFT_STANDARD_LIBRARIES = YES;
				BUNDLE_LOADER = "$(TEST_HOST)";
				CODE_SIGN_STYLE = Automatic;
				CURRENT_PROJECT_VERSION = 1;
				DEVELOPMENT_TEAM = 2CK557733P;
				GENERATE_INFOPLIST_FILE = YES;
				IPHONEOS_DEPLOYMENT_TARGET = 16.4;
				MARKETING_VERSION = 1.0;
				PRODUCT_BUNDLE_IDENTIFIER = "Nothing.Sample-App-p2Tests";
				PRODUCT_NAME = "$(TARGET_NAME)";
				SWIFT_EMIT_LOC_STRINGS = NO;
				SWIFT_VERSION = 5.0;
				TARGETED_DEVICE_FAMILY = "1,2";
				TEST_HOST = "$(BUILT_PRODUCTS_DIR)/Sample App p2.app/$(BUNDLE_EXECUTABLE_FOLDER_PATH)/Sample App p2";
			};
			name = Release;
		};
		771331622A93DEE600896066 /* Debug */ = {
			isa = XCBuildConfiguration;
			buildSettings = {
				ALWAYS_EMBED_SWIFT_STANDARD_LIBRARIES = YES;
				CODE_SIGN_STYLE = Automatic;
				CURRENT_PROJECT_VERSION = 1;
				DEVELOPMENT_TEAM = 2CK557733P;
				GENERATE_INFOPLIST_FILE = YES;
				MARKETING_VERSION = 1.0;
				PRODUCT_BUNDLE_IDENTIFIER = "Nothing.Sample-App-p2UITests";
				PRODUCT_NAME = "$(TARGET_NAME)";
				SWIFT_EMIT_LOC_STRINGS = NO;
				SWIFT_VERSION = 5.0;
				TARGETED_DEVICE_FAMILY = "1,2";
				TEST_TARGET_NAME = "Sample App p2";
			};
			name = Debug;
		};
		771331632A93DEE600896066 /* Release */ = {
			isa = XCBuildConfiguration;
			buildSettings = {
				ALWAYS_EMBED_SWIFT_STANDARD_LIBRARIES = YES;
				CODE_SIGN_STYLE = Automatic;
				CURRENT_PROJECT_VERSION = 1;
				DEVELOPMENT_TEAM = 2CK557733P;
				GENERATE_INFOPLIST_FILE = YES;
				MARKETING_VERSION = 1.0;
				PRODUCT_BUNDLE_IDENTIFIER = "Nothing.Sample-App-p2UITests";
				PRODUCT_NAME = "$(TARGET_NAME)";
				SWIFT_EMIT_LOC_STRINGS = NO;
				SWIFT_VERSION = 5.0;
				TARGETED_DEVICE_FAMILY = "1,2";
				TEST_TARGET_NAME = "Sample App p2";
			};
			name = Release;
		};
/* End XCBuildConfiguration section */

/* Begin XCConfigurationList section */
		7713312C2A93DEE500896066 /* Build configuration list for PBXProject "Sample App p2" */ = {
			isa = XCConfigurationList;
			buildConfigurations = (
				771331592A93DEE600896066 /* Debug */,
				7713315A2A93DEE600896066 /* Release */,
			);
			defaultConfigurationIsVisible = 0;
			defaultConfigurationName = Release;
		};
		7713315B2A93DEE600896066 /* Build configuration list for PBXNativeTarget "Sample App p2" */ = {
			isa = XCConfigurationList;
			buildConfigurations = (
				7713315C2A93DEE600896066 /* Debug */,
				7713315D2A93DEE600896066 /* Release */,
			);
			defaultConfigurationIsVisible = 0;
			defaultConfigurationName = Release;
		};
		7713315E2A93DEE600896066 /* Build configuration list for PBXNativeTarget "Sample App p2Tests" */ = {
			isa = XCConfigurationList;
			buildConfigurations = (
				7713315F2A93DEE600896066 /* Debug */,
				771331602A93DEE600896066 /* Release */,
			);
			defaultConfigurationIsVisible = 0;
			defaultConfigurationName = Release;
		};
		771331612A93DEE600896066 /* Build configuration list for PBXNativeTarget "Sample App p2UITests" */ = {
			isa = XCConfigurationList;
			buildConfigurations = (
				771331622A93DEE600896066 /* Debug */,
				771331632A93DEE600896066 /* Release */,
			);
			defaultConfigurationIsVisible = 0;
			defaultConfigurationName = Release;
		};
/* End XCConfigurationList section */
	};
	rootObject = 771331292A93DEE500896066 /* Project object */;
}
